// !$*UTF8*$!
{
	archiveVersion = 1;
	classes = {
	};
	objectVersion = 50;
	objects = {

/* Begin PBXBuildFile section */
		471CAF6923EB0A0600821756 /* CharactersListView.swift in Sources */ = {isa = PBXBuildFile; fileRef = 471CAF6823EB0A0600821756 /* CharactersListView.swift */; };
		471CAF6B23EB0A3300821756 /* Character.swift in Sources */ = {isa = PBXBuildFile; fileRef = 471CAF6A23EB0A3300821756 /* Character.swift */; };
		471CAF6D23EB0A7800821756 /* CharacterType.swift in Sources */ = {isa = PBXBuildFile; fileRef = 471CAF6C23EB0A7800821756 /* CharacterType.swift */; };
		471CAF6F23EB0C2C00821756 /* CharacterSingleton.swift in Sources */ = {isa = PBXBuildFile; fileRef = 471CAF6E23EB0C2C00821756 /* CharacterSingleton.swift */; };
		471CAF7223EB0F4600821756 /* CharacterRowView.swift in Sources */ = {isa = PBXBuildFile; fileRef = 471CAF7123EB0F4600821756 /* CharacterRowView.swift */; };
		477A832923EA07D2005B52D9 /* AppDelegate.swift in Sources */ = {isa = PBXBuildFile; fileRef = 477A832823EA07D2005B52D9 /* AppDelegate.swift */; };
		477A832B23EA07D2005B52D9 /* SceneDelegate.swift in Sources */ = {isa = PBXBuildFile; fileRef = 477A832A23EA07D2005B52D9 /* SceneDelegate.swift */; };
		477A832D23EA07D2005B52D9 /* ContentView.swift in Sources */ = {isa = PBXBuildFile; fileRef = 477A832C23EA07D2005B52D9 /* ContentView.swift */; };
		477A832F23EA07D4005B52D9 /* Assets.xcassets in Resources */ = {isa = PBXBuildFile; fileRef = 477A832E23EA07D4005B52D9 /* Assets.xcassets */; };
		477A833223EA07D4005B52D9 /* Preview Assets.xcassets in Resources */ = {isa = PBXBuildFile; fileRef = 477A833123EA07D4005B52D9 /* Preview Assets.xcassets */; };
		477A833523EA07D4005B52D9 /* LaunchScreen.storyboard in Resources */ = {isa = PBXBuildFile; fileRef = 477A833323EA07D4005B52D9 /* LaunchScreen.storyboard */; };
		477A834023EA07D4005B52D9 /* BatmanTests.swift in Sources */ = {isa = PBXBuildFile; fileRef = 477A833F23EA07D4005B52D9 /* BatmanTests.swift */; };
		477A834B23EA07D4005B52D9 /* BatmanUITests.swift in Sources */ = {isa = PBXBuildFile; fileRef = 477A834A23EA07D4005B52D9 /* BatmanUITests.swift */; };
		47B3A89623EB8300005F0664 /* CharacterView.swift in Sources */ = {isa = PBXBuildFile; fileRef = 47B3A89523EB8300005F0664 /* CharacterView.swift */; };
/* End PBXBuildFile section */

/* Begin PBXContainerItemProxy section */
		477A833C23EA07D4005B52D9 /* PBXContainerItemProxy */ = {
			isa = PBXContainerItemProxy;
			containerPortal = 477A831D23EA07D2005B52D9 /* Project object */;
			proxyType = 1;
			remoteGlobalIDString = 477A832423EA07D2005B52D9;
			remoteInfo = Batman;
		};
		477A834723EA07D4005B52D9 /* PBXContainerItemProxy */ = {
			isa = PBXContainerItemProxy;
			containerPortal = 477A831D23EA07D2005B52D9 /* Project object */;
			proxyType = 1;
			remoteGlobalIDString = 477A832423EA07D2005B52D9;
			remoteInfo = Batman;
		};
/* End PBXContainerItemProxy section */

/* Begin PBXFileReference section */
		471CAF6823EB0A0600821756 /* CharactersListView.swift */ = {isa = PBXFileReference; lastKnownFileType = sourcecode.swift; path = CharactersListView.swift; sourceTree = "<group>"; };
		471CAF6A23EB0A3300821756 /* Character.swift */ = {isa = PBXFileReference; lastKnownFileType = sourcecode.swift; path = Character.swift; sourceTree = "<group>"; };
		471CAF6C23EB0A7800821756 /* CharacterType.swift */ = {isa = PBXFileReference; lastKnownFileType = sourcecode.swift; path = CharacterType.swift; sourceTree = "<group>"; };
		471CAF6E23EB0C2C00821756 /* CharacterSingleton.swift */ = {isa = PBXFileReference; lastKnownFileType = sourcecode.swift; path = CharacterSingleton.swift; sourceTree = "<group>"; };
		471CAF7123EB0F4600821756 /* CharacterRowView.swift */ = {isa = PBXFileReference; lastKnownFileType = sourcecode.swift; path = CharacterRowView.swift; sourceTree = "<group>"; };
		477A832523EA07D2005B52D9 /* Batman.app */ = {isa = PBXFileReference; explicitFileType = wrapper.application; includeInIndex = 0; path = Batman.app; sourceTree = BUILT_PRODUCTS_DIR; };
		477A832823EA07D2005B52D9 /* AppDelegate.swift */ = {isa = PBXFileReference; lastKnownFileType = sourcecode.swift; path = AppDelegate.swift; sourceTree = "<group>"; };
		477A832A23EA07D2005B52D9 /* SceneDelegate.swift */ = {isa = PBXFileReference; lastKnownFileType = sourcecode.swift; path = SceneDelegate.swift; sourceTree = "<group>"; };
		477A832C23EA07D2005B52D9 /* ContentView.swift */ = {isa = PBXFileReference; lastKnownFileType = sourcecode.swift; name = ContentView.swift; path = "Preview Content/ContentView.swift"; sourceTree = "<group>"; };
		477A832E23EA07D4005B52D9 /* Assets.xcassets */ = {isa = PBXFileReference; lastKnownFileType = folder.assetcatalog; path = Assets.xcassets; sourceTree = "<group>"; };
		477A833123EA07D4005B52D9 /* Preview Assets.xcassets */ = {isa = PBXFileReference; lastKnownFileType = folder.assetcatalog; path = "Preview Assets.xcassets"; sourceTree = "<group>"; };
		477A833423EA07D4005B52D9 /* Base */ = {isa = PBXFileReference; lastKnownFileType = file.storyboard; name = Base; path = Base.lproj/LaunchScreen.storyboard; sourceTree = "<group>"; };
		477A833623EA07D4005B52D9 /* Info.plist */ = {isa = PBXFileReference; lastKnownFileType = text.plist.xml; path = Info.plist; sourceTree = "<group>"; };
		477A833B23EA07D4005B52D9 /* BatmanTests.xctest */ = {isa = PBXFileReference; explicitFileType = wrapper.cfbundle; includeInIndex = 0; path = BatmanTests.xctest; sourceTree = BUILT_PRODUCTS_DIR; };
		477A833F23EA07D4005B52D9 /* BatmanTests.swift */ = {isa = PBXFileReference; lastKnownFileType = sourcecode.swift; path = BatmanTests.swift; sourceTree = "<group>"; };
		477A834123EA07D4005B52D9 /* Info.plist */ = {isa = PBXFileReference; lastKnownFileType = text.plist.xml; path = Info.plist; sourceTree = "<group>"; };
		477A834623EA07D4005B52D9 /* BatmanUITests.xctest */ = {isa = PBXFileReference; explicitFileType = wrapper.cfbundle; includeInIndex = 0; path = BatmanUITests.xctest; sourceTree = BUILT_PRODUCTS_DIR; };
		477A834A23EA07D4005B52D9 /* BatmanUITests.swift */ = {isa = PBXFileReference; lastKnownFileType = sourcecode.swift; path = BatmanUITests.swift; sourceTree = "<group>"; };
		477A834C23EA07D4005B52D9 /* Info.plist */ = {isa = PBXFileReference; lastKnownFileType = text.plist.xml; path = Info.plist; sourceTree = "<group>"; };
		47B3A89523EB8300005F0664 /* CharacterView.swift */ = {isa = PBXFileReference; lastKnownFileType = sourcecode.swift; path = CharacterView.swift; sourceTree = "<group>"; };
/* End PBXFileReference section */

/* Begin PBXFrameworksBuildPhase section */
		477A832223EA07D2005B52D9 /* Frameworks */ = {
			isa = PBXFrameworksBuildPhase;
			buildActionMask = 2147483647;
			files = (
			);
			runOnlyForDeploymentPostprocessing = 0;
		};
		477A833823EA07D4005B52D9 /* Frameworks */ = {
			isa = PBXFrameworksBuildPhase;
			buildActionMask = 2147483647;
			files = (
			);
			runOnlyForDeploymentPostprocessing = 0;
		};
		477A834323EA07D4005B52D9 /* Frameworks */ = {
			isa = PBXFrameworksBuildPhase;
			buildActionMask = 2147483647;
			files = (
			);
			runOnlyForDeploymentPostprocessing = 0;
		};
/* End PBXFrameworksBuildPhase section */

/* Begin PBXGroup section */
		471CAF7023EB0DD100821756 /* Model */ = {
			isa = PBXGroup;
			children = (
				471CAF6A23EB0A3300821756 /* Character.swift */,
				471CAF6C23EB0A7800821756 /* CharacterType.swift */,
				471CAF6E23EB0C2C00821756 /* CharacterSingleton.swift */,
			);
			path = Model;
			sourceTree = "<group>";
		};
		477A831C23EA07D2005B52D9 = {
			isa = PBXGroup;
			children = (
				477A832723EA07D2005B52D9 /* Batman */,
				477A833E23EA07D4005B52D9 /* BatmanTests */,
				477A834923EA07D4005B52D9 /* BatmanUITests */,
				477A832623EA07D2005B52D9 /* Products */,
			);
			sourceTree = "<group>";
		};
		477A832623EA07D2005B52D9 /* Products */ = {
			isa = PBXGroup;
			children = (
				477A832523EA07D2005B52D9 /* Batman.app */,
				477A833B23EA07D4005B52D9 /* BatmanTests.xctest */,
				477A834623EA07D4005B52D9 /* BatmanUITests.xctest */,
			);
			name = Products;
			sourceTree = "<group>";
		};
		477A832723EA07D2005B52D9 /* Batman */ = {
			isa = PBXGroup;
			children = (
				477A832823EA07D2005B52D9 /* AppDelegate.swift */,
				477A832A23EA07D2005B52D9 /* SceneDelegate.swift */,
				477A832E23EA07D4005B52D9 /* Assets.xcassets */,
				477A833323EA07D4005B52D9 /* LaunchScreen.storyboard */,
				477A833623EA07D4005B52D9 /* Info.plist */,
				477A833023EA07D4005B52D9 /* Preview Content */,
				477A832C23EA07D2005B52D9 /* ContentView.swift */,
				471CAF6823EB0A0600821756 /* CharactersListView.swift */,
				471CAF7123EB0F4600821756 /* CharacterRowView.swift */,
				47B3A89523EB8300005F0664 /* CharacterView.swift */,
				471CAF7023EB0DD100821756 /* Model */,
			);
			path = Batman;
			sourceTree = "<group>";
		};
		477A833023EA07D4005B52D9 /* Preview Content */ = {
			isa = PBXGroup;
			children = (
				477A833123EA07D4005B52D9 /* Preview Assets.xcassets */,
			);
			path = "Preview Content";
			sourceTree = "<group>";
		};
		477A833E23EA07D4005B52D9 /* BatmanTests */ = {
			isa = PBXGroup;
			children = (
				477A833F23EA07D4005B52D9 /* BatmanTests.swift */,
				477A834123EA07D4005B52D9 /* Info.plist */,
			);
			path = BatmanTests;
			sourceTree = "<group>";
		};
		477A834923EA07D4005B52D9 /* BatmanUITests */ = {
			isa = PBXGroup;
			children = (
				477A834A23EA07D4005B52D9 /* BatmanUITests.swift */,
				477A834C23EA07D4005B52D9 /* Info.plist */,
			);
			path = BatmanUITests;
			sourceTree = "<group>";
		};
/* End PBXGroup section */

/* Begin PBXNativeTarget section */
		477A832423EA07D2005B52D9 /* Batman */ = {
			isa = PBXNativeTarget;
			buildConfigurationList = 477A834F23EA07D4005B52D9 /* Build configuration list for PBXNativeTarget "Batman" */;
			buildPhases = (
				477A832123EA07D2005B52D9 /* Sources */,
				477A832223EA07D2005B52D9 /* Frameworks */,
				477A832323EA07D2005B52D9 /* Resources */,
			);
			buildRules = (
			);
			dependencies = (
			);
			name = Batman;
			productName = Batman;
			productReference = 477A832523EA07D2005B52D9 /* Batman.app */;
			productType = "com.apple.product-type.application";
		};
		477A833A23EA07D4005B52D9 /* BatmanTests */ = {
			isa = PBXNativeTarget;
			buildConfigurationList = 477A835223EA07D4005B52D9 /* Build configuration list for PBXNativeTarget "BatmanTests" */;
			buildPhases = (
				477A833723EA07D4005B52D9 /* Sources */,
				477A833823EA07D4005B52D9 /* Frameworks */,
				477A833923EA07D4005B52D9 /* Resources */,
			);
			buildRules = (
			);
			dependencies = (
				477A833D23EA07D4005B52D9 /* PBXTargetDependency */,
			);
			name = BatmanTests;
			productName = BatmanTests;
			productReference = 477A833B23EA07D4005B52D9 /* BatmanTests.xctest */;
			productType = "com.apple.product-type.bundle.unit-test";
		};
		477A834523EA07D4005B52D9 /* BatmanUITests */ = {
			isa = PBXNativeTarget;
			buildConfigurationList = 477A835523EA07D4005B52D9 /* Build configuration list for PBXNativeTarget "BatmanUITests" */;
			buildPhases = (
				477A834223EA07D4005B52D9 /* Sources */,
				477A834323EA07D4005B52D9 /* Frameworks */,
				477A834423EA07D4005B52D9 /* Resources */,
			);
			buildRules = (
			);
			dependencies = (
				477A834823EA07D4005B52D9 /* PBXTargetDependency */,
			);
			name = BatmanUITests;
			productName = BatmanUITests;
			productReference = 477A834623EA07D4005B52D9 /* BatmanUITests.xctest */;
			productType = "com.apple.product-type.bundle.ui-testing";
		};
/* End PBXNativeTarget section */

/* Begin PBXProject section */
		477A831D23EA07D2005B52D9 /* Project object */ = {
			isa = PBXProject;
			attributes = {
				LastSwiftUpdateCheck = 1130;
				LastUpgradeCheck = 1130;
				ORGANIZATIONNAME = "Enzo Maruffa Moreira";
				TargetAttributes = {
					477A832423EA07D2005B52D9 = {
						CreatedOnToolsVersion = 11.3.1;
					};
					477A833A23EA07D4005B52D9 = {
						CreatedOnToolsVersion = 11.3.1;
						TestTargetID = 477A832423EA07D2005B52D9;
					};
					477A834523EA07D4005B52D9 = {
						CreatedOnToolsVersion = 11.3.1;
						TestTargetID = 477A832423EA07D2005B52D9;
					};
				};
			};
			buildConfigurationList = 477A832023EA07D2005B52D9 /* Build configuration list for PBXProject "Batman" */;
			compatibilityVersion = "Xcode 9.3";
			developmentRegion = en;
			hasScannedForEncodings = 0;
			knownRegions = (
				en,
				Base,
			);
			mainGroup = 477A831C23EA07D2005B52D9;
			productRefGroup = 477A832623EA07D2005B52D9 /* Products */;
			projectDirPath = "";
			projectRoot = "";
			targets = (
				477A832423EA07D2005B52D9 /* Batman */,
				477A833A23EA07D4005B52D9 /* BatmanTests */,
				477A834523EA07D4005B52D9 /* BatmanUITests */,
			);
		};
/* End PBXProject section */

/* Begin PBXResourcesBuildPhase section */
		477A832323EA07D2005B52D9 /* Resources */ = {
			isa = PBXResourcesBuildPhase;
			buildActionMask = 2147483647;
			files = (
				477A833523EA07D4005B52D9 /* LaunchScreen.storyboard in Resources */,
				477A833223EA07D4005B52D9 /* Preview Assets.xcassets in Resources */,
				477A832F23EA07D4005B52D9 /* Assets.xcassets in Resources */,
			);
			runOnlyForDeploymentPostprocessing = 0;
		};
		477A833923EA07D4005B52D9 /* Resources */ = {
			isa = PBXResourcesBuildPhase;
			buildActionMask = 2147483647;
			files = (
			);
			runOnlyForDeploymentPostprocessing = 0;
		};
		477A834423EA07D4005B52D9 /* Resources */ = {
			isa = PBXResourcesBuildPhase;
			buildActionMask = 2147483647;
			files = (
			);
			runOnlyForDeploymentPostprocessing = 0;
		};
/* End PBXResourcesBuildPhase section */

/* Begin PBXSourcesBuildPhase section */
		477A832123EA07D2005B52D9 /* Sources */ = {
			isa = PBXSourcesBuildPhase;
			buildActionMask = 2147483647;
			files = (
				477A832923EA07D2005B52D9 /* AppDelegate.swift in Sources */,
				471CAF7223EB0F4600821756 /* CharacterRowView.swift in Sources */,
				471CAF6F23EB0C2C00821756 /* CharacterSingleton.swift in Sources */,
				477A832B23EA07D2005B52D9 /* SceneDelegate.swift in Sources */,
				471CAF6B23EB0A3300821756 /* Character.swift in Sources */,
				471CAF6923EB0A0600821756 /* CharactersListView.swift in Sources */,
				47B3A89623EB8300005F0664 /* CharacterView.swift in Sources */,
				477A832D23EA07D2005B52D9 /* ContentView.swift in Sources */,
				471CAF6D23EB0A7800821756 /* CharacterType.swift in Sources */,
			);
			runOnlyForDeploymentPostprocessing = 0;
		};
		477A833723EA07D4005B52D9 /* Sources */ = {
			isa = PBXSourcesBuildPhase;
			buildActionMask = 2147483647;
			files = (
				477A834023EA07D4005B52D9 /* BatmanTests.swift in Sources */,
			);
			runOnlyForDeploymentPostprocessing = 0;
		};
		477A834223EA07D4005B52D9 /* Sources */ = {
			isa = PBXSourcesBuildPhase;
			buildActionMask = 2147483647;
			files = (
				477A834B23EA07D4005B52D9 /* BatmanUITests.swift in Sources */,
			);
			runOnlyForDeploymentPostprocessing = 0;
		};
/* End PBXSourcesBuildPhase section */

/* Begin PBXTargetDependency section */
		477A833D23EA07D4005B52D9 /* PBXTargetDependency */ = {
			isa = PBXTargetDependency;
			target = 477A832423EA07D2005B52D9 /* Batman */;
			targetProxy = 477A833C23EA07D4005B52D9 /* PBXContainerItemProxy */;
		};
		477A834823EA07D4005B52D9 /* PBXTargetDependency */ = {
			isa = PBXTargetDependency;
			target = 477A832423EA07D2005B52D9 /* Batman */;
			targetProxy = 477A834723EA07D4005B52D9 /* PBXContainerItemProxy */;
		};
/* End PBXTargetDependency section */

/* Begin PBXVariantGroup section */
		477A833323EA07D4005B52D9 /* LaunchScreen.storyboard */ = {
			isa = PBXVariantGroup;
			children = (
				477A833423EA07D4005B52D9 /* Base */,
			);
			name = LaunchScreen.storyboard;
			sourceTree = "<group>";
		};
/* End PBXVariantGroup section */

/* Begin XCBuildConfiguration section */
		477A834D23EA07D4005B52D9 /* Debug */ = {
			isa = XCBuildConfiguration;
			buildSettings = {
				ALWAYS_SEARCH_USER_PATHS = NO;
				CLANG_ANALYZER_NONNULL = YES;
				CLANG_ANALYZER_NUMBER_OBJECT_CONVERSION = YES_AGGRESSIVE;
				CLANG_CXX_LANGUAGE_STANDARD = "gnu++14";
				CLANG_CXX_LIBRARY = "libc++";
				CLANG_ENABLE_MODULES = YES;
				CLANG_ENABLE_OBJC_ARC = YES;
				CLANG_ENABLE_OBJC_WEAK = YES;
				CLANG_WARN_BLOCK_CAPTURE_AUTORELEASING = YES;
				CLANG_WARN_BOOL_CONVERSION = YES;
				CLANG_WARN_COMMA = YES;
				CLANG_WARN_CONSTANT_CONVERSION = YES;
				CLANG_WARN_DEPRECATED_OBJC_IMPLEMENTATIONS = YES;
				CLANG_WARN_DIRECT_OBJC_ISA_USAGE = YES_ERROR;
				CLANG_WARN_DOCUMENTATION_COMMENTS = YES;
				CLANG_WARN_EMPTY_BODY = YES;
				CLANG_WARN_ENUM_CONVERSION = YES;
				CLANG_WARN_INFINITE_RECURSION = YES;
				CLANG_WARN_INT_CONVERSION = YES;
				CLANG_WARN_NON_LITERAL_NULL_CONVERSION = YES;
				CLANG_WARN_OBJC_IMPLICIT_RETAIN_SELF = YES;
				CLANG_WARN_OBJC_LITERAL_CONVERSION = YES;
				CLANG_WARN_OBJC_ROOT_CLASS = YES_ERROR;
				CLANG_WARN_RANGE_LOOP_ANALYSIS = YES;
				CLANG_WARN_STRICT_PROTOTYPES = YES;
				CLANG_WARN_SUSPICIOUS_MOVE = YES;
				CLANG_WARN_UNGUARDED_AVAILABILITY = YES_AGGRESSIVE;
				CLANG_WARN_UNREACHABLE_CODE = YES;
				CLANG_WARN__DUPLICATE_METHOD_MATCH = YES;
				COPY_PHASE_STRIP = NO;
				DEBUG_INFORMATION_FORMAT = dwarf;
				ENABLE_STRICT_OBJC_MSGSEND = YES;
				ENABLE_TESTABILITY = YES;
				GCC_C_LANGUAGE_STANDARD = gnu11;
				GCC_DYNAMIC_NO_PIC = NO;
				GCC_NO_COMMON_BLOCKS = YES;
				GCC_OPTIMIZATION_LEVEL = 0;
				GCC_PREPROCESSOR_DEFINITIONS = (
					"DEBUG=1",
					"$(inherited)",
				);
				GCC_WARN_64_TO_32_BIT_CONVERSION = YES;
				GCC_WARN_ABOUT_RETURN_TYPE = YES_ERROR;
				GCC_WARN_UNDECLARED_SELECTOR = YES;
				GCC_WARN_UNINITIALIZED_AUTOS = YES_AGGRESSIVE;
				GCC_WARN_UNUSED_FUNCTION = YES;
				GCC_WARN_UNUSED_VARIABLE = YES;
				IPHONEOS_DEPLOYMENT_TARGET = 13.2;
				MTL_ENABLE_DEBUG_INFO = INCLUDE_SOURCE;
				MTL_FAST_MATH = YES;
				ONLY_ACTIVE_ARCH = YES;
				SDKROOT = iphoneos;
				SWIFT_ACTIVE_COMPILATION_CONDITIONS = DEBUG;
				SWIFT_OPTIMIZATION_LEVEL = "-Onone";
			};
			name = Debug;
		};
		477A834E23EA07D4005B52D9 /* Release */ = {
			isa = XCBuildConfiguration;
			buildSettings = {
				ALWAYS_SEARCH_USER_PATHS = NO;
				CLANG_ANALYZER_NONNULL = YES;
				CLANG_ANALYZER_NUMBER_OBJECT_CONVERSION = YES_AGGRESSIVE;
				CLANG_CXX_LANGUAGE_STANDARD = "gnu++14";
				CLANG_CXX_LIBRARY = "libc++";
				CLANG_ENABLE_MODULES = YES;
				CLANG_ENABLE_OBJC_ARC = YES;
				CLANG_ENABLE_OBJC_WEAK = YES;
				CLANG_WARN_BLOCK_CAPTURE_AUTORELEASING = YES;
				CLANG_WARN_BOOL_CONVERSION = YES;
				CLANG_WARN_COMMA = YES;
				CLANG_WARN_CONSTANT_CONVERSION = YES;
				CLANG_WARN_DEPRECATED_OBJC_IMPLEMENTATIONS = YES;
				CLANG_WARN_DIRECT_OBJC_ISA_USAGE = YES_ERROR;
				CLANG_WARN_DOCUMENTATION_COMMENTS = YES;
				CLANG_WARN_EMPTY_BODY = YES;
				CLANG_WARN_ENUM_CONVERSION = YES;
				CLANG_WARN_INFINITE_RECURSION = YES;
				CLANG_WARN_INT_CONVERSION = YES;
				CLANG_WARN_NON_LITERAL_NULL_CONVERSION = YES;
				CLANG_WARN_OBJC_IMPLICIT_RETAIN_SELF = YES;
				CLANG_WARN_OBJC_LITERAL_CONVERSION = YES;
				CLANG_WARN_OBJC_ROOT_CLASS = YES_ERROR;
				CLANG_WARN_RANGE_LOOP_ANALYSIS = YES;
				CLANG_WARN_STRICT_PROTOTYPES = YES;
				CLANG_WARN_SUSPICIOUS_MOVE = YES;
				CLANG_WARN_UNGUARDED_AVAILABILITY = YES_AGGRESSIVE;
				CLANG_WARN_UNREACHABLE_CODE = YES;
				CLANG_WARN__DUPLICATE_METHOD_MATCH = YES;
				COPY_PHASE_STRIP = NO;
				DEBUG_INFORMATION_FORMAT = "dwarf-with-dsym";
				ENABLE_NS_ASSERTIONS = NO;
				ENABLE_STRICT_OBJC_MSGSEND = YES;
				GCC_C_LANGUAGE_STANDARD = gnu11;
				GCC_NO_COMMON_BLOCKS = YES;
				GCC_WARN_64_TO_32_BIT_CONVERSION = YES;
				GCC_WARN_ABOUT_RETURN_TYPE = YES_ERROR;
				GCC_WARN_UNDECLARED_SELECTOR = YES;
				GCC_WARN_UNINITIALIZED_AUTOS = YES_AGGRESSIVE;
				GCC_WARN_UNUSED_FUNCTION = YES;
				GCC_WARN_UNUSED_VARIABLE = YES;
				IPHONEOS_DEPLOYMENT_TARGET = 13.2;
				MTL_ENABLE_DEBUG_INFO = NO;
				MTL_FAST_MATH = YES;
				SDKROOT = iphoneos;
				SWIFT_COMPILATION_MODE = wholemodule;
				SWIFT_OPTIMIZATION_LEVEL = "-O";
				VALIDATE_PRODUCT = YES;
			};
			name = Release;
		};
		477A835023EA07D4005B52D9 /* Debug */ = {
			isa = XCBuildConfiguration;
			buildSettings = {
				ASSETCATALOG_COMPILER_APPICON_NAME = AppIcon;
				CODE_SIGN_STYLE = Automatic;
				DEVELOPMENT_ASSET_PATHS = "\"Batman/Preview Content\"";
				DEVELOPMENT_TEAM = D9FBK2WPJX;
				ENABLE_PREVIEWS = YES;
				INFOPLIST_FILE = Batman/Info.plist;
				LD_RUNPATH_SEARCH_PATHS = (
					"$(inherited)",
					"@executable_path/Frameworks",
				);
				PRODUCT_BUNDLE_IDENTIFIER = com.enzomaruffa.nanos.Batman;
				PRODUCT_NAME = "$(TARGET_NAME)";
				SWIFT_VERSION = 5.0;
				TARGETED_DEVICE_FAMILY = "1,2";
			};
			name = Debug;
		};
		477A835123EA07D4005B52D9 /* Release */ = {
			isa = XCBuildConfiguration;
			buildSettings = {
				ASSETCATALOG_COMPILER_APPICON_NAME = AppIcon;
				CODE_SIGN_STYLE = Automatic;
				DEVELOPMENT_ASSET_PATHS = "\"Batman/Preview Content\"";
				DEVELOPMENT_TEAM = D9FBK2WPJX;
				ENABLE_PREVIEWS = YES;
				INFOPLIST_FILE = Batman/Info.plist;
				LD_RUNPATH_SEARCH_PATHS = (
					"$(inherited)",
					"@executable_path/Frameworks",
				);
				PRODUCT_BUNDLE_IDENTIFIER = com.enzomaruffa.nanos.Batman;
				PRODUCT_NAME = "$(TARGET_NAME)";
				SWIFT_VERSION = 5.0;
				TARGETED_DEVICE_FAMILY = "1,2";
			};
			name = Release;
		};
		477A835323EA07D4005B52D9 /* Debug */ = {
			isa = XCBuildConfiguration;
			buildSettings = {
				ALWAYS_EMBED_SWIFT_STANDARD_LIBRARIES = YES;
				BUNDLE_LOADER = "$(TEST_HOST)";
				CODE_SIGN_STYLE = Automatic;
				DEVELOPMENT_TEAM = D9FBK2WPJX;
				INFOPLIST_FILE = BatmanTests/Info.plist;
				IPHONEOS_DEPLOYMENT_TARGET = 13.2;
				LD_RUNPATH_SEARCH_PATHS = (
					"$(inherited)",
					"@executable_path/Frameworks",
					"@loader_path/Frameworks",
				);
				PRODUCT_BUNDLE_IDENTIFIER = com.enzomaruffa.nanos.BatmanTests;
				PRODUCT_NAME = "$(TARGET_NAME)";
				SWIFT_VERSION = 5.0;
				TARGETED_DEVICE_FAMILY = "1,2";
				TEST_HOST = "$(BUILT_PRODUCTS_DIR)/Batman.app/Batman";
			};
			name = Debug;
		};
		477A835423EA07D4005B52D9 /* Release */ = {
			isa = XCBuildConfiguration;
			buildSettings = {
				ALWAYS_EMBED_SWIFT_STANDARD_LIBRARIES = YES;
				BUNDLE_LOADER = "$(TEST_HOST)";
				CODE_SIGN_STYLE = Automatic;
				DEVELOPMENT_TEAM = D9FBK2WPJX;
				INFOPLIST_FILE = BatmanTests/Info.plist;
				IPHONEOS_DEPLOYMENT_TARGET = 13.2;
				LD_RUNPATH_SEARCH_PATHS = (
					"$(inherited)",
					"@executable_path/Frameworks",
					"@loader_path/Frameworks",
				);
				PRODUCT_BUNDLE_IDENTIFIER = com.enzomaruffa.nanos.BatmanTests;
				PRODUCT_NAME = "$(TARGET_NAME)";
				SWIFT_VERSION = 5.0;
				TARGETED_DEVICE_FAMILY = "1,2";
				TEST_HOST = "$(BUILT_PRODUCTS_DIR)/Batman.app/Batman";
			};
			name = Release;
		};
		477A835623EA07D4005B52D9 /* Debug */ = {
			isa = XCBuildConfiguration;
			buildSettings = {
				ALWAYS_EMBED_SWIFT_STANDARD_LIBRARIES = YES;
				CODE_SIGN_STYLE = Automatic;
				DEVELOPMENT_TEAM = D9FBK2WPJX;
				INFOPLIST_FILE = BatmanUITests/Info.plist;
				LD_RUNPATH_SEARCH_PATHS = (
					"$(inherited)",
					"@executable_path/Frameworks",
					"@loader_path/Frameworks",
				);
				PRODUCT_BUNDLE_IDENTIFIER = com.enzomaruffa.nanos.BatmanUITests;
				PRODUCT_NAME = "$(TARGET_NAME)";
				SWIFT_VERSION = 5.0;
				TARGETED_DEVICE_FAMILY = "1,2";
				TEST_TARGET_NAME = Batman;
			};
			name = Debug;
		};
		477A835723EA07D4005B52D9 /* Release */ = {
			isa = XCBuildConfiguration;
			buildSettings = {
				ALWAYS_EMBED_SWIFT_STANDARD_LIBRARIES = YES;
				CODE_SIGN_STYLE = Automatic;
				DEVELOPMENT_TEAM = D9FBK2WPJX;
				INFOPLIST_FILE = BatmanUITests/Info.plist;
				LD_RUNPATH_SEARCH_PATHS = (
					"$(inherited)",
					"@executable_path/Frameworks",
					"@loader_path/Frameworks",
				);
				PRODUCT_BUNDLE_IDENTIFIER = com.enzomaruffa.nanos.BatmanUITests;
				PRODUCT_NAME = "$(TARGET_NAME)";
				SWIFT_VERSION = 5.0;
				TARGETED_DEVICE_FAMILY = "1,2";
				TEST_TARGET_NAME = Batman;
			};
			name = Release;
		};
/* End XCBuildConfiguration section */

/* Begin XCConfigurationList section */
		477A832023EA07D2005B52D9 /* Build configuration list for PBXProject "Batman" */ = {
			isa = XCConfigurationList;
			buildConfigurations = (
				477A834D23EA07D4005B52D9 /* Debug */,
				477A834E23EA07D4005B52D9 /* Release */,
			);
			defaultConfigurationIsVisible = 0;
			defaultConfigurationName = Release;
		};
		477A834F23EA07D4005B52D9 /* Build configuration list for PBXNativeTarget "Batman" */ = {
			isa = XCConfigurationList;
			buildConfigurations = (
				477A835023EA07D4005B52D9 /* Debug */,
				477A835123EA07D4005B52D9 /* Release */,
			);
			defaultConfigurationIsVisible = 0;
			defaultConfigurationName = Release;
		};
		477A835223EA07D4005B52D9 /* Build configuration list for PBXNativeTarget "BatmanTests" */ = {
			isa = XCConfigurationList;
			buildConfigurations = (
				477A835323EA07D4005B52D9 /* Debug */,
				477A835423EA07D4005B52D9 /* Release */,
			);
			defaultConfigurationIsVisible = 0;
			defaultConfigurationName = Release;
		};
		477A835523EA07D4005B52D9 /* Build configuration list for PBXNativeTarget "BatmanUITests" */ = {
			isa = XCConfigurationList;
			buildConfigurations = (
				477A835623EA07D4005B52D9 /* Debug */,
				477A835723EA07D4005B52D9 /* Release */,
			);
			defaultConfigurationIsVisible = 0;
			defaultConfigurationName = Release;
		};
/* End XCConfigurationList section */
	};
	rootObject = 477A831D23EA07D2005B52D9 /* Project object */;
}
